// !$*UTF8*$!
{
	archiveVersion = 1;
	classes = {
	};
	objectVersion = 46;
	objects = {

/* Begin PBXBuildFile section */
		421BE42F608D99974331F8CA /* LockifyStore.swift in Sources */ = {isa = PBXBuildFile; fileRef = 15098F74DE984ABFEE2695F9 /* LockifyStore.swift */; };
		4861C78067AF299D3494F62C /* LockifyApp.swift in Sources */ = {isa = PBXBuildFile; fileRef = 1DFDC297122AAA5718501DAF /* LockifyApp.swift */; };
		5BA85ACD4EDD3D9334D78391 /* ContentView.swift in Sources */ = {isa = PBXBuildFile; fileRef = 35F5A1E49925801DDECC23CA /* ContentView.swift */; };
		60653B659FAC6CD475ACB372 /* Models.swift in Sources */ = {isa = PBXBuildFile; fileRef = 2E7772073A37D5D303DBD0CB /* Models.swift */; };
		7E8D460540070C4C40C616D9 /* ProofSubmissionView.swift in Sources */ = {isa = PBXBuildFile; fileRef = 7352AC79B746D09BFC4D3E4A /* ProofSubmissionView.swift */; };
		A914E0C1D2B5AD56F98285C5 /* ScreenTimeBridge.swift in Sources */ = {isa = PBXBuildFile; fileRef = 4927D9D893C2AA25416F9ECC /* ScreenTimeBridge.swift */; };
		B5B4758C44F6F15519B3A04C /* HistoryView.swift in Sources */ = {isa = PBXBuildFile; fileRef = 91CD6F2160E253DE29B82919 /* HistoryView.swift */; };
		DBA96C4E7C6E00FF0BB958CE /* UnlockSessionView.swift in Sources */ = {isa = PBXBuildFile; fileRef = 1ED207F8A4A045CB07A82314 /* UnlockSessionView.swift */; };
		F0FC8F226459EA057A7B445A /* LockedHomeView.swift in Sources */ = {isa = PBXBuildFile; fileRef = D4648B903C7BC5FDAA99239C /* LockedHomeView.swift */; };
/* End PBXBuildFile section */

/* Begin PBXFileReference section */
		15098F74DE984ABFEE2695F9 /* LockifyStore.swift */ = {isa = PBXFileReference; includeInIndex = 1; lastKnownFileType = sourcecode.swift; name = LockifyStore.swift; path = Lockify/LockifyStore.swift; sourceTree = "<group>"; };
		1DFDC297122AAA5718501DAF /* LockifyApp.swift */ = {isa = PBXFileReference; includeInIndex = 1; lastKnownFileType = sourcecode.swift; name = LockifyApp.swift; path = Lockify/LockifyApp.swift; sourceTree = "<group>"; };
		1ED207F8A4A045CB07A82314 /* UnlockSessionView.swift */ = {isa = PBXFileReference; includeInIndex = 1; lastKnownFileType = sourcecode.swift; name = UnlockSessionView.swift; path = Lockify/Views/UnlockSessionView.swift; sourceTree = "<group>"; };
		2E7772073A37D5D303DBD0CB /* Models.swift */ = {isa = PBXFileReference; includeInIndex = 1; lastKnownFileType = sourcecode.swift; name = Models.swift; path = Lockify/Models.swift; sourceTree = "<group>"; };
		35F5A1E49925801DDECC23CA /* ContentView.swift */ = {isa = PBXFileReference; includeInIndex = 1; lastKnownFileType = sourcecode.swift; name = ContentView.swift; path = Lockify/ContentView.swift; sourceTree = "<group>"; };
		4927D9D893C2AA25416F9ECC /* ScreenTimeBridge.swift */ = {isa = PBXFileReference; includeInIndex = 1; lastKnownFileType = sourcecode.swift; name = ScreenTimeBridge.swift; path = Lockify/ScreenTimeBridge.swift; sourceTree = "<group>"; };
		7352AC79B746D09BFC4D3E4A /* ProofSubmissionView.swift */ = {isa = PBXFileReference; includeInIndex = 1; lastKnownFileType = sourcecode.swift; name = ProofSubmissionView.swift; path = Lockify/Views/ProofSubmissionView.swift; sourceTree = "<group>"; };
		816AF0E35BE88875D3DE1096 /* Lockify.app */ = {isa = PBXFileReference; explicitFileType = wrapper.application; includeInIndex = 0; path = Lockify.app; sourceTree = BUILT_PRODUCTS_DIR; };
		91CD6F2160E253DE29B82919 /* HistoryView.swift */ = {isa = PBXFileReference; includeInIndex = 1; lastKnownFileType = sourcecode.swift; name = HistoryView.swift; path = Lockify/Views/HistoryView.swift; sourceTree = "<group>"; };
		D4648B903C7BC5FDAA99239C /* LockedHomeView.swift */ = {isa = PBXFileReference; includeInIndex = 1; lastKnownFileType = sourcecode.swift; name = LockedHomeView.swift; path = Lockify/Views/LockedHomeView.swift; sourceTree = "<group>"; };
/* End PBXFileReference section */

/* Begin PBXFrameworksBuildPhase section */
		BB0D782715AE6C9FCDCF9BB2 /* Frameworks */ = {
			isa = PBXFrameworksBuildPhase;
			buildActionMask = 2147483647;
			files = (
			);
			runOnlyForDeploymentPostprocessing = 0;
		};
/* End PBXFrameworksBuildPhase section */

/* Begin PBXGroup section */
		3E468A2868B995743D043AAA = {
			isa = PBXGroup;
			children = (
				9BDED04DB27CE13F916D07B4 /* Products */,
				47C9B153DE1AB9F11A09C981 /* Frameworks */,
				C2DEB3DCB61F2E1000AF2F2C /* Lockify */,
			);
			sourceTree = "<group>";
		};
		47C9B153DE1AB9F11A09C981 /* Frameworks */ = {
			isa = PBXGroup;
			children = (
			);
			name = Frameworks;
			sourceTree = "<group>";
		};
		97787470C84865C565C55490 /* Views */ = {
			isa = PBXGroup;
			children = (
				D4648B903C7BC5FDAA99239C /* LockedHomeView.swift */,
				7352AC79B746D09BFC4D3E4A /* ProofSubmissionView.swift */,
				1ED207F8A4A045CB07A82314 /* UnlockSessionView.swift */,
				91CD6F2160E253DE29B82919 /* HistoryView.swift */,
			);
			name = Views;
			sourceTree = "<group>";
		};
		9BDED04DB27CE13F916D07B4 /* Products */ = {
			isa = PBXGroup;
			children = (
				816AF0E35BE88875D3DE1096 /* Lockify.app */,
			);
			name = Products;
			sourceTree = "<group>";
		};
		C2DEB3DCB61F2E1000AF2F2C /* Lockify */ = {
			isa = PBXGroup;
			children = (
				97787470C84865C565C55490 /* Views */,
				1DFDC297122AAA5718501DAF /* LockifyApp.swift */,
				35F5A1E49925801DDECC23CA /* ContentView.swift */,
				2E7772073A37D5D303DBD0CB /* Models.swift */,
				15098F74DE984ABFEE2695F9 /* LockifyStore.swift */,
				4927D9D893C2AA25416F9ECC /* ScreenTimeBridge.swift */,
			);
			name = Lockify;
			sourceTree = "<group>";
		};
/* End PBXGroup section */

/* Begin PBXNativeTarget section */
		CCFF5AF57ACE7592D5373127 /* Lockify */ = {
			isa = PBXNativeTarget;
			buildConfigurationList = C9561BB19D9D6DCC992C3D1D /* Build configuration list for PBXNativeTarget "Lockify" */;
			buildPhases = (
				715E698AB2F808C36E420C88 /* Sources */,
				BB0D782715AE6C9FCDCF9BB2 /* Frameworks */,
				47CAD4B66065B6DD9083E48C /* Resources */,
			);
			buildRules = (
			);
			dependencies = (
			);
			name = Lockify;
			productName = Lockify;
			productReference = 816AF0E35BE88875D3DE1096 /* Lockify.app */;
			productType = "com.apple.product-type.application";
		};
/* End PBXNativeTarget section */

/* Begin PBXProject section */
		8BC520DD61B75E43FD3F41ED /* Project object */ = {
			isa = PBXProject;
			attributes = {
				LastSwiftUpdateCheck = 1600;
				LastUpgradeCheck = 1600;
			};
			buildConfigurationList = CC55B686EA6CCA0F084712B4 /* Build configuration list for PBXProject "Lockify" */;
			compatibilityVersion = "Xcode 3.2";
			developmentRegion = en;
			hasScannedForEncodings = 0;
			knownRegions = (
				en,
				Base,
			);
			mainGroup = 3E468A2868B995743D043AAA;
			minimizedProjectReferenceProxies = 0;
			preferredProjectObjectVersion = 77;
			productRefGroup = 9BDED04DB27CE13F916D07B4 /* Products */;
			projectDirPath = "";
			projectRoot = "";
			targets = (
				CCFF5AF57ACE7592D5373127 /* Lockify */,
			);
		};
/* End PBXProject section */

/* Begin PBXResourcesBuildPhase section */
		47CAD4B66065B6DD9083E48C /* Resources */ = {
			isa = PBXResourcesBuildPhase;
			buildActionMask = 2147483647;
			files = (
			);
			runOnlyForDeploymentPostprocessing = 0;
		};
/* End PBXResourcesBuildPhase section */

/* Begin PBXSourcesBuildPhase section */
		715E698AB2F808C36E420C88 /* Sources */ = {
			isa = PBXSourcesBuildPhase;
			buildActionMask = 2147483647;
			files = (
				4861C78067AF299D3494F62C /* LockifyApp.swift in Sources */,
				5BA85ACD4EDD3D9334D78391 /* ContentView.swift in Sources */,
				60653B659FAC6CD475ACB372 /* Models.swift in Sources */,
				421BE42F608D99974331F8CA /* LockifyStore.swift in Sources */,
				A914E0C1D2B5AD56F98285C5 /* ScreenTimeBridge.swift in Sources */,
				F0FC8F226459EA057A7B445A /* LockedHomeView.swift in Sources */,
				7E8D460540070C4C40C616D9 /* ProofSubmissionView.swift in Sources */,
				DBA96C4E7C6E00FF0BB958CE /* UnlockSessionView.swift in Sources */,
				B5B4758C44F6F15519B3A04C /* HistoryView.swift in Sources */,
			);
			runOnlyForDeploymentPostprocessing = 0;
		};
/* End PBXSourcesBuildPhase section */

/* Begin XCBuildConfiguration section */
		2F8165470A66B6191146D97B /* Release */ = {
			isa = XCBuildConfiguration;
			buildSettings = {
				ALWAYS_SEARCH_USER_PATHS = NO;
				CLANG_ANALYZER_NONNULL = YES;
				CLANG_ANALYZER_NUMBER_OBJECT_CONVERSION = YES_AGGRESSIVE;
				CLANG_CXX_LANGUAGE_STANDARD = "gnu++14";
				CLANG_CXX_LIBRARY = "libc++";
				CLANG_ENABLE_MODULES = YES;
				CLANG_ENABLE_OBJC_ARC = YES;
				CLANG_ENABLE_OBJC_WEAK = YES;
				CLANG_WARN_BLOCK_CAPTURE_AUTORELEASING = YES;
				CLANG_WARN_BOOL_CONVERSION = YES;
				CLANG_WARN_COMMA = YES;
				CLANG_WARN_CONSTANT_CONVERSION = YES;
				CLANG_WARN_DEPRECATED_OBJC_IMPLEMENTATIONS = YES;
				CLANG_WARN_DIRECT_OBJC_ISA_USAGE = YES_ERROR;
				CLANG_WARN_DOCUMENTATION_COMMENTS = YES;
				CLANG_WARN_EMPTY_BODY = YES;
				CLANG_WARN_ENUM_CONVERSION = YES;
				CLANG_WARN_INFINITE_RECURSION = YES;
				CLANG_WARN_INT_CONVERSION = YES;
				CLANG_WARN_NON_LITERAL_NULL_CONVERSION = YES;
				CLANG_WARN_OBJC_IMPLICIT_RETAIN_SELF = YES;
				CLANG_WARN_OBJC_LITERAL_CONVERSION = YES;
				CLANG_WARN_OBJC_ROOT_CLASS = YES_ERROR;
				CLANG_WARN_QUOTED_INCLUDE_IN_FRAMEWORK_HEADER = YES;
				CLANG_WARN_RANGE_LOOP_ANALYSIS = YES;
				CLANG_WARN_STRICT_PROTOTYPES = YES;
				CLANG_WARN_SUSPICIOUS_MOVE = YES;
				CLANG_WARN_UNGUARDED_AVAILABILITY = YES_AGGRESSIVE;
				CLANG_WARN_UNREACHABLE_CODE = YES;
				CLANG_WARN__DUPLICATE_METHOD_MATCH = YES;
				COPY_PHASE_STRIP = NO;
				DEBUG_INFORMATION_FORMAT = "dwarf-with-dsym";
				ENABLE_NS_ASSERTIONS = NO;
				ENABLE_STRICT_OBJC_MSGSEND = YES;
				GCC_C_LANGUAGE_STANDARD = gnu11;
				GCC_NO_COMMON_BLOCKS = YES;
				GCC_WARN_64_TO_32_BIT_CONVERSION = YES;
				GCC_WARN_ABOUT_RETURN_TYPE = YES_ERROR;
				GCC_WARN_UNDECLARED_SELECTOR = YES;
				GCC_WARN_UNINITIALIZED_AUTOS = YES_AGGRESSIVE;
				GCC_WARN_UNUSED_FUNCTION = YES;
				GCC_WARN_UNUSED_VARIABLE = YES;
				MTL_ENABLE_DEBUG_INFO = NO;
				MTL_FAST_MATH = YES;
				PRODUCT_NAME = "$(TARGET_NAME)";
				SWIFT_COMPILATION_MODE = wholemodule;
				SWIFT_OPTIMIZATION_LEVEL = "-O";
				SWIFT_VERSION = 5.0;
			};
			name = Release;
		};
		B901DC9199CC7F54AA221706 /* Release */ = {
			isa = XCBuildConfiguration;
			buildSettings = {
				ASSETCATALOG_COMPILER_APPICON_NAME = "";
				ASSETCATALOG_COMPILER_GLOBAL_ACCENT_COLOR_NAME = AccentColor;
				CLANG_ENABLE_OBJC_WEAK = NO;
				CODE_SIGN_STYLE = Automatic;
				DEVELOPMENT_TEAM = "";
				GENERATE_INFOPLIST_FILE = YES;
				INFOPLIST_KEY_UIApplicationSceneManifest_Generation = YES;
				INFOPLIST_KEY_UILaunchScreen_Generation = YES;
				INFOPLIST_KEY_UIStatusBarStyle = UIStatusBarStyleDefault;
				IPHONEOS_DEPLOYMENT_TARGET = 17.0;
				LD_RUNPATH_SEARCH_PATHS = "$(inherited) @executable_path/Frameworks";
				PRODUCT_BUNDLE_IDENTIFIER = com.yehiaradwan.lockify;
				SDKROOT = iphoneos;
				SWIFT_VERSION = 5.0;
				TARGETED_DEVICE_FAMILY = 1;
				VALIDATE_PRODUCT = YES;
			};
			name = Release;
		};
		D349F297A7A098828435ACFA /* Debug */ = {
			isa = XCBuildConfiguration;
			buildSettings = {
				ALWAYS_SEARCH_USER_PATHS = NO;
				CLANG_ANALYZER_NONNULL = YES;
				CLANG_ANALYZER_NUMBER_OBJECT_CONVERSION = YES_AGGRESSIVE;
				CLANG_CXX_LANGUAGE_STANDARD = "gnu++14";
				CLANG_CXX_LIBRARY = "libc++";
				CLANG_ENABLE_MODULES = YES;
				CLANG_ENABLE_OBJC_ARC = YES;
				CLANG_ENABLE_OBJC_WEAK = YES;
				CLANG_WARN_BLOCK_CAPTURE_AUTORELEASING = YES;
				CLANG_WARN_BOOL_CONVERSION = YES;
				CLANG_WARN_COMMA = YES;
				CLANG_WARN_CONSTANT_CONVERSION = YES;
				CLANG_WARN_DEPRECATED_OBJC_IMPLEMENTATIONS = YES;
				CLANG_WARN_DIRECT_OBJC_ISA_USAGE = YES_ERROR;
				CLANG_WARN_DOCUMENTATION_COMMENTS = YES;
				CLANG_WARN_EMPTY_BODY = YES;
				CLANG_WARN_ENUM_CONVERSION = YES;
				CLANG_WARN_INFINITE_RECURSION = YES;
				CLANG_WARN_INT_CONVERSION = YES;
				CLANG_WARN_NON_LITERAL_NULL_CONVERSION = YES;
				CLANG_WARN_OBJC_IMPLICIT_RETAIN_SELF = YES;
				CLANG_WARN_OBJC_LITERAL_CONVERSION = YES;
				CLANG_WARN_OBJC_ROOT_CLASS = YES_ERROR;
				CLANG_WARN_QUOTED_INCLUDE_IN_FRAMEWORK_HEADER = YES;
				CLANG_WARN_RANGE_LOOP_ANALYSIS = YES;
				CLANG_WARN_STRICT_PROTOTYPES = YES;
				CLANG_WARN_SUSPICIOUS_MOVE = YES;
				CLANG_WARN_UNGUARDED_AVAILABILITY = YES_AGGRESSIVE;
				CLANG_WARN_UNREACHABLE_CODE = YES;
				CLANG_WARN__DUPLICATE_METHOD_MATCH = YES;
				COPY_PHASE_STRIP = NO;
				DEBUG_INFORMATION_FORMAT = dwarf;
				ENABLE_STRICT_OBJC_MSGSEND = YES;
				ENABLE_TESTABILITY = YES;
				GCC_C_LANGUAGE_STANDARD = gnu11;
				GCC_DYNAMIC_NO_PIC = NO;
				GCC_NO_COMMON_BLOCKS = YES;
				GCC_OPTIMIZATION_LEVEL = 0;
				GCC_PREPROCESSOR_DEFINITIONS = (
					"DEBUG=1",
					"$(inherited)",
				);
				GCC_WARN_64_TO_32_BIT_CONVERSION = YES;
				GCC_WARN_ABOUT_RETURN_TYPE = YES_ERROR;
				GCC_WARN_UNDECLARED_SELECTOR = YES;
				GCC_WARN_UNINITIALIZED_AUTOS = YES_AGGRESSIVE;
				GCC_WARN_UNUSED_FUNCTION = YES;
				GCC_WARN_UNUSED_VARIABLE = YES;
				MTL_ENABLE_DEBUG_INFO = INCLUDE_SOURCE;
				MTL_FAST_MATH = YES;
				ONLY_ACTIVE_ARCH = YES;
				PRODUCT_NAME = "$(TARGET_NAME)";
				SWIFT_ACTIVE_COMPILATION_CONDITIONS = DEBUG;
				SWIFT_OPTIMIZATION_LEVEL = "-Onone";
				SWIFT_VERSION = 5.0;
			};
			name = Debug;
		};
		F2841AAF5EE831B61C99395A /* Debug */ = {
			isa = XCBuildConfiguration;
			buildSettings = {
				ASSETCATALOG_COMPILER_APPICON_NAME = "";
				ASSETCATALOG_COMPILER_GLOBAL_ACCENT_COLOR_NAME = AccentColor;
				CLANG_ENABLE_OBJC_WEAK = NO;
				CODE_SIGN_STYLE = Automatic;
				DEVELOPMENT_TEAM = "";
				GENERATE_INFOPLIST_FILE = YES;
				INFOPLIST_KEY_UIApplicationSceneManifest_Generation = YES;
				INFOPLIST_KEY_UILaunchScreen_Generation = YES;
				INFOPLIST_KEY_UIStatusBarStyle = UIStatusBarStyleDefault;
				IPHONEOS_DEPLOYMENT_TARGET = 17.0;
				LD_RUNPATH_SEARCH_PATHS = "$(inherited) @executable_path/Frameworks";
				PRODUCT_BUNDLE_IDENTIFIER = com.yehiaradwan.lockify;
				SDKROOT = iphoneos;
				SWIFT_VERSION = 5.0;
				TARGETED_DEVICE_FAMILY = 1;
			};
			name = Debug;
		};
/* End XCBuildConfiguration section */

/* Begin XCConfigurationList section */
		C9561BB19D9D6DCC992C3D1D /* Build configuration list for PBXNativeTarget "Lockify" */ = {
			isa = XCConfigurationList;
			buildConfigurations = (
				B901DC9199CC7F54AA221706 /* Release */,
				F2841AAF5EE831B61C99395A /* Debug */,
			);
			defaultConfigurationIsVisible = 0;
			defaultConfigurationName = Release;
		};
		CC55B686EA6CCA0F084712B4 /* Build configuration list for PBXProject "Lockify" */ = {
			isa = XCConfigurationList;
			buildConfigurations = (
				D349F297A7A098828435ACFA /* Debug */,
				2F8165470A66B6191146D97B /* Release */,
			);
			defaultConfigurationIsVisible = 0;
			defaultConfigurationName = Release;
		};
/* End XCConfigurationList section */
	};
	rootObject = 8BC520DD61B75E43FD3F41ED /* Project object */;
}
